<?xml version="1.0" encoding="UTF-8" standalone="yes" ?>
<CodeBlocks_project_file>
	<FileVersion major="1" minor="6" />
	<Project>
		<Option title="Opty" />
		<Option pch_mode="2" />
		<Option compiler="gcc" />
		<Option virtualFolders="Sort\TripleSort\;Sort\;Sort\TupleSort\;Helpers\;Sort\NormalSort\;Sort\FastSort\;Sort\Cases\;Sort\Cases\Best\;Sort\Cases\Worst\;" />
		<Build>
			<Target title="Debug">
				<Option output="bin/Debug/Opty" prefix_auto="1" extension_auto="1" />
				<Option object_output="obj/Debug/" />
				<Option type="1" />
				<Option compiler="gcc" />
				<Compiler>
					<Add option="-Weffc++" />
					<Add option="-pedantic" />
					<Add option="-Wfatal-errors" />
					<Add option="-Wextra" />
					<Add option="-Wall" />
					<Add option="-pg" />
					<Add option="-g" />
					<Add directory="include" />
				</Compiler>
				<Linker>
					<Add option="-pg -lgmon" />
				</Linker>
			</Target>
			<Target title="Release">
				<Option output="bin/Release/Opty" prefix_auto="1" extension_auto="1" />
				<Option object_output="obj/Release/" />
				<Option type="1" />
				<Option compiler="gcc" />
				<Compiler>
					<Add directory="include" />
				</Compiler>
			</Target>
			<Target title="AsmBuild">
				<Option output="bin/ASM/Opty" prefix_auto="1" extension_auto="1" />
				<Option working_dir="asm" />
				<Option object_output="obj/ASM" />
				<Option type="1" />
				<Option compiler="gcc" />
				<Compiler>
					<Add option="-pg" />
					<Add option="-g" />
					<Add option="-save-temps" />
					<Add option="-S" />
					<Add option="-fverbose-asm" />
					<Add directory="include" />
				</Compiler>
				<Linker>
					<Add option="-pg -lgmon" />
				</Linker>
			</Target>
		</Build>
		<Compiler>
			<Add option="-std=gnu++11" />
			<Add option="-std=gnu++14" />
			<Add directory="C:/Boost/boost_1_62_0" />
		</Compiler>
		<Linker>
			<Add option="-static-libgcc" />
			<Add option="-static-libstdc++" />
			<Add directory="C:/Boost/boost_1_62_0/stage/lib" />
		</Linker>
		<Unit filename="Tests.hpp">
			<Option virtualFolder="Helpers/" />
		</Unit>
		<Unit filename="conf/easylogging++.h" />
		<Unit filename="conf/logconf.conf" />
		<Unit filename="include/BestCase.h">
			<Option virtualFolder="Sort/Cases/Best/" />
		</Unit>
		<Unit filename="include/BestCaseHeapSort.h">
			<Option virtualFolder="Sort/Cases/Best/" />
		</Unit>
		<Unit filename="include/BitonicSort.h">
			<Option virtualFolder="Sort/FastSort/" />
		</Unit>
		<Unit filename="include/BubbleSort.h">
			<Option virtualFolder="Sort/NormalSort/" />
		</Unit>
		<Unit filename="include/HeapSort.h">
			<Option virtualFolder="Sort/FastSort/" />
		</Unit>
		<Unit filename="include/MergeSort.h">
			<Option virtualFolder="Sort/FastSort/" />
		</Unit>
		<Unit filename="include/QuickSort.h">
			<Option virtualFolder="Sort/FastSort/" />
		</Unit>
		<Unit filename="include/Random.h">
			<Option virtualFolder="Helpers/" />
		</Unit>
		<Unit filename="include/ShellSort.h">
			<Option virtualFolder="Sort/FastSort/" />
		</Unit>
		<Unit filename="include/Sort.h">
			<Option virtualFolder="Sort/NormalSort/" />
		</Unit>
		<Unit filename="include/SortBehaviour.h">
			<Option virtualFolder="Helpers/" />
		</Unit>
		<Unit filename="include/SortBubbleTriple.h">
			<Option virtualFolder="Sort/TripleSort/" />
		</Unit>
		<Unit filename="include/SortBubbleTuple.h">
			<Option virtualFolder="Sort/TupleSort/" />
		</Unit>
		<Unit filename="include/SortInsert.h">
			<Option virtualFolder="Sort/NormalSort/" />
		</Unit>
		<Unit filename="include/SortInsertTriple.h">
			<Option virtualFolder="Sort/TripleSort/" />
		</Unit>
		<Unit filename="include/SortInsertTuple.h">
			<Option virtualFolder="Sort/TupleSort/" />
		</Unit>
		<Unit filename="include/SortSelection.h">
			<Option virtualFolder="Sort/NormalSort/" />
		</Unit>
		<Unit filename="include/SortSelectionTriple.h">
			<Option virtualFolder="Sort/TripleSort/" />
		</Unit>
		<Unit filename="include/SortSelectionTuple.h">
			<Option virtualFolder="Sort/TupleSort/" />
		</Unit>
		<Unit filename="include/TestSort.h">
			<Option virtualFolder="Helpers/" />
		</Unit>
		<Unit filename="include/Timer.h">
			<Option virtualFolder="Helpers/" />
		</Unit>
		<Unit filename="include/WorstCase.h">
			<Option virtualFolder="Sort/Cases/Worst/" />
		</Unit>
		<Unit filename="include/WorstCaseHeapSort.h">
			<Option virtualFolder="Sort/Cases/Worst/" />
		</Unit>
		<Unit filename="include/WorstCaseMergeSort.h">
			<Option virtualFolder="Sort/Cases/Worst/" />
		</Unit>
		<Unit filename="main.cpp" />
		<Unit filename="src/BestCase.cpp">
			<Option virtualFolder="Sort/Cases/Best/" />
		</Unit>
		<Unit filename="src/WorstCase.cpp">
			<Option virtualFolder="Sort/Cases/Worst/" />
		</Unit>
		<Unit filename="src/WorstCaseHeapSort.cpp">
			<Option virtualFolder="Sort/Cases/Worst/" />
		</Unit>
		<Unit filename="src/WorstCaseMergeSort.cpp">
			<Option virtualFolder="Sort/Cases/Worst/" />
		</Unit>
		<Unit filename="templatesSpecialisation.hpp">
			<Option virtualFolder="Helpers/" />
		</Unit>
		<Unit filename="typdefs.hpp">
			<Option virtualFolder="Helpers/" />
		</Unit>
		<Extensions>
			<code_completion />
			<envvars />
			<debugger />
			<lib_finder disable_auto="1" />
		</Extensions>
	</Project>
</CodeBlocks_project_file>
