<?xml version="1.0" encoding="UTF-8" standalone="yes" ?>
<CodeBlocks_project_file>
	<FileVersion major="1" minor="6" />
	<Project>
		<Option title="Opty" />
		<Option pch_mode="2" />
		<Option compiler="gcc" />
		<Build>
			<Target title="Debug">
				<Option output="bin/Debug/Opty" prefix_auto="1" extension_auto="1" />
				<Option object_output="obj/Debug/" />
				<Option type="1" />
				<Option compiler="gcc" />
				<Compiler>
					<Add option="-pg" />
					<Add option="-g" />
					<Add directory="include" />
				</Compiler>
				<Linker>
					<Add option="-pg -lgmon" />
				</Linker>
			</Target>
			<Target title="Release">
				<Option output="bin/Release/Opty" prefix_auto="1" extension_auto="1" />
				<Option object_output="obj/Release/" />
				<Option type="1" />
				<Option compiler="gcc" />
				<Compiler>
					<Add option="-O3" />
					<Add option="-std=c++11" />
					<Add directory="include" />
				</Compiler>
				<Linker>
					<Add option="-s" />
				</Linker>
			</Target>
		</Build>
		<Compiler>
			<Add option="-Wall" />
			<Add option="-std=gnu++11" />
		</Compiler>
		<Linker>
			<Add option="-static-libgcc" />
			<Add option="-static-libstdc++" />
		</Linker>
		<Unit filename="include/BubbleSort.h" />
		<Unit filename="include/Random.h" />
		<Unit filename="include/Sort.h" />
		<Unit filename="include/SortBubbleTuple.h" />
		<Unit filename="include/SortInsert.h" />
		<Unit filename="include/SortInsertTuple.h" />
		<Unit filename="include/SortSelection.h" />
		<Unit filename="include/SortSelectionTuple.h" />
		<Unit filename="include/TestSort.h" />
		<Unit filename="include/Timer.h" />
		<Unit filename="main.cpp" />
		<Unit filename="src/BubbleSort.cpp" />
		<Unit filename="src/Random.cpp" />
		<Unit filename="src/Sort.cpp" />
		<Unit filename="src/SortBubbleTuple.cpp" />
		<Unit filename="src/SortInsert.cpp" />
		<Unit filename="src/SortInsertTuple.cpp" />
		<Unit filename="src/SortSelection.cpp" />
		<Unit filename="src/SortSelectionTuple.cpp" />
		<Unit filename="src/TestSort.cpp" />
		<Unit filename="src/Timer.cpp" />
		<Extensions>
			<code_completion />
			<envvars />
			<debugger />
			<lib_finder disable_auto="1" />
		</Extensions>
	</Project>
</CodeBlocks_project_file>
